# Fase 2: estrella con tabla de fechas, relaciones, time intelligence, 3 páginas, tema de cliente.
version: 1
project: VentasDemo
locale: es-ES

sources:
  - id: ventas_xlsx
    type: excel
    path: sources/ventas.xlsx   # generado con `pbigen demo-data examples/ventas-demo`

model:
  date_table:
    name: Fechas
    start: 2024-01-01
    end: 2025-12-31

  relationships:
    - { from: "Ventas[Fecha]", to: "Fechas[Fecha]" }
    - { from: "Ventas[ProductoId]", to: "Productos[ProductoId]" }
    - { from: "Ventas[ClienteId]", to: "Clientes[ClienteId]" }

  tables:
    - name: Ventas
      description: Líneas de venta (una fila por día, producto y cliente)
      source: { source: ventas_xlsx, sheet: Ventas }
      columns:
        - { name: Fecha, type: dateTime, format: "dd/MM/yyyy" }
        - { name: ProductoId, type: int64, hidden: true }
        - { name: ClienteId, type: int64, hidden: true }
        - { name: Unidades, type: int64, summarize: sum, format: "#,##0" }
        - { name: Importe, type: double, summarize: sum, format: "#,##0.00" }
      measures:
        - { name: Importe Total, dax: "SUM(Ventas[Importe])", format: "#,##0 €", description: Suma del importe de todas las ventas, folder: Importe }
        - { name: Unidades Totales, dax: "SUM(Ventas[Unidades])", format: "#,##0", description: Unidades vendidas, folder: Unidades }
        - { name: Importe YTD, dax: "TOTALYTD([Importe Total], Fechas[Fecha])", format: "#,##0 €", description: Importe acumulado del año en curso, folder: Importe }
        - { name: Importe PY, dax: "CALCULATE([Importe Total], SAMEPERIODLASTYEAR(Fechas[Fecha]))", format: "#,##0 €", description: Importe del mismo periodo del año anterior, folder: Importe }
        - { name: Var % vs PY, dax: "DIVIDE([Importe Total] - [Importe PY], [Importe PY])", format: "0.0%", description: Variación porcentual frente al año anterior, folder: Importe }
        - { name: Ticket Medio, dax: "DIVIDE([Importe Total], COUNTROWS(Ventas))", format: "#,##0.00 €", description: Importe medio por línea de venta, folder: Importe }
        - { name: Importe Último Año, dax: "CALCULATE([Importe Total], Fechas[Año] = MAX(Fechas[Año]))", format: "#,##0 €", description: Importe del último año con datos en el contexto, folder: Importe }
        - { name: Importe Año Previo, dax: "CALCULATE([Importe Total], Fechas[Año] = MAX(Fechas[Año]) - 1)", format: "#,##0 €", description: Importe del año anterior al último con datos, folder: Importe }
        - { name: Crecimiento Anual %, dax: "DIVIDE([Importe Último Año] - [Importe Año Previo], [Importe Año Previo])", format: "0.0%", description: Variación del último año frente al anterior; válida sin filtro temporal, folder: Importe }

    - name: Productos
      description: Catálogo de productos
      source: { source: ventas_xlsx, sheet: Productos }
      columns:
        - { name: ProductoId, type: int64, hidden: true }
        - { name: Producto, type: string }
        - { name: Categoria, type: string }
        - { name: Precio, type: double, format: "#,##0.00 €" }

    - name: Clientes
      description: Clientes con su región y segmento
      source: { source: ventas_xlsx, sheet: Clientes }
      columns:
        - { name: ClienteId, type: int64, hidden: true }
        - { name: Cliente, type: string }
        - { name: Region, type: string }
        - { name: Segmento, type: string }

report:
  theme: { brand: demo }
  pages:
    - name: Resumen
      visuals:
        - { type: textbox, name: titulo, text: "Resumen de ventas", font_size_pt: 20, grid: { col: 0, row: 0, cols: 8, rows: 2 } }
        - { type: slicer, name: f_anio, field: "Fechas[Año]", mode: dropdown, title: Año, grid: { col: 8, row: 0, cols: 2, rows: 2 } }
        - { type: slicer, name: f_region, field: "Clientes[Region]", mode: dropdown, title: Región, grid: { col: 10, row: 0, cols: 2, rows: 2 } }
        - { type: card, name: kpi_importe, measure: "Ventas[Importe Total]", title: Importe total, accent: primary, grid: { col: 0, row: 2, cols: 3, rows: 2 } }
        - { type: card, name: kpi_ytd, measure: "Ventas[Importe YTD]", title: Importe YTD, accent: primary, grid: { col: 3, row: 2, cols: 3, rows: 2 } }
        - { type: card, name: kpi_var, measure: "Ventas[Crecimiento Anual %]", title: Crecimiento último año, accent: positive, grid: { col: 6, row: 2, cols: 3, rows: 2 } }
        - { type: card, name: kpi_unidades, measure: "Ventas[Unidades Totales]", title: Unidades, accent: neutral, grid: { col: 9, row: 2, cols: 3, rows: 2 } }
        - { type: line, name: tendencia, title: Importe mensual, category: "Fechas[AñoMes]", values: ["Ventas[Importe Total]", "Ventas[Importe PY]"], grid: { col: 0, row: 4, cols: 8, rows: 4 } }
        - { type: bar, name: por_region, title: Importe por región, category: "Clientes[Region]", values: ["Ventas[Importe Total]"], accent: primary, data_labels: true, grid: { col: 8, row: 4, cols: 4, rows: 4 } }
        - { type: column, name: por_categoria, title: Importe por categoría, category: "Productos[Categoria]", values: ["Ventas[Importe Total]"], accent: secondary, data_labels: true, grid: { col: 0, row: 8, cols: 6, rows: 4 } }
        - { type: column, name: por_producto, title: Unidades por producto, category: "Productos[Producto]", values: ["Ventas[Unidades Totales]"], accent: neutral, data_labels: true, grid: { col: 6, row: 8, cols: 6, rows: 4 } }

    - name: Tendencia
      visuals:
        - { type: textbox, name: titulo, text: "Tendencia mensual y comparación anual", font_size_pt: 20, grid: { col: 0, row: 0, cols: 9, rows: 2 } }
        - { type: slicer, name: f_categoria, field: "Productos[Categoria]", mode: dropdown, title: Categoría, grid: { col: 9, row: 0, cols: 3, rows: 2 } }
        - { type: line, name: mensual, title: Importe mensual frente al año anterior, category: "Fechas[AñoMes]", values: ["Ventas[Importe Total]", "Ventas[Importe PY]"], grid: { col: 0, row: 2, cols: 12, rows: 6 } }
        - { type: column, name: por_mes, title: Importe por mes y año, category: "Fechas[Mes]", series: "Fechas[Año]", values: ["Ventas[Importe Total]"], grid: { col: 0, row: 8, cols: 12, rows: 4 } }

    - name: Detalle
      visuals:
        - { type: textbox, name: titulo, text: "Detalle por cliente y producto", font_size_pt: 20, grid: { col: 0, row: 0, cols: 8, rows: 2 } }
        - { type: slicer, name: f_segmento, field: "Clientes[Segmento]", mode: list, title: Segmento, grid: { col: 8, row: 0, cols: 4, rows: 2 } }
        - { type: matrix, name: tabla, title: Importe por cliente y categoría, rows: ["Clientes[Region]", "Clientes[Cliente]"], columns: ["Productos[Categoria]"], values: ["Ventas[Importe Total]", "Ventas[Unidades Totales]", "Ventas[Ticket Medio]"], grid: { col: 0, row: 2, cols: 8, rows: 10 } }
        - { type: bar, name: top_clientes, title: Importe por cliente, category: "Clientes[Cliente]", values: ["Ventas[Importe Total]"], accent: primary, data_labels: true, grid: { col: 8, row: 2, cols: 4, rows: 10 } }
